// !$*UTF8*$!
{
	archiveVersion = 1;
	classes = {
	};
	objectVersion = 46;
	objects = {

/* Begin PBXBuildFile section */
		1542595577663BB3F4544437 /* Pods_Github_App.framework in Frameworks */ = {isa = PBXBuildFile; fileRef = 62C35A6D2EF50305CEEA614D /* Pods_Github_App.framework */; };
		8B35AA481DBBB07F00F721FA /* GithubRouter.swift in Sources */ = {isa = PBXBuildFile; fileRef = 8B35AA471DBBB07F00F721FA /* GithubRouter.swift */; };
		8BB4B5D11DBB86EE00847B48 /* AppDelegate.swift in Sources */ = {isa = PBXBuildFile; fileRef = 8BB4B5D01DBB86EE00847B48 /* AppDelegate.swift */; };
		8BB4B5D31DBB86EE00847B48 /* ViewController.swift in Sources */ = {isa = PBXBuildFile; fileRef = 8BB4B5D21DBB86EE00847B48 /* ViewController.swift */; };
		8BB4B5D61DBB86EE00847B48 /* Main.storyboard in Resources */ = {isa = PBXBuildFile; fileRef = 8BB4B5D41DBB86EE00847B48 /* Main.storyboard */; };
		8BB4B5D91DBB86EE00847B48 /* Github_App.xcdatamodeld in Sources */ = {isa = PBXBuildFile; fileRef = 8BB4B5D71DBB86EE00847B48 /* Github_App.xcdatamodeld */; };
		8BB4B5DB1DBB86EE00847B48 /* Assets.xcassets in Resources */ = {isa = PBXBuildFile; fileRef = 8BB4B5DA1DBB86EE00847B48 /* Assets.xcassets */; };
		8BB4B5DE1DBB86EE00847B48 /* LaunchScreen.storyboard in Resources */ = {isa = PBXBuildFile; fileRef = 8BB4B5DC1DBB86EE00847B48 /* LaunchScreen.storyboard */; };
/* End PBXBuildFile section */

/* Begin PBXFileReference section */
		62C35A6D2EF50305CEEA614D /* Pods_Github_App.framework */ = {isa = PBXFileReference; explicitFileType = wrapper.framework; includeInIndex = 0; path = Pods_Github_App.framework; sourceTree = BUILT_PRODUCTS_DIR; };
		636C66123BECB6F5540937C2 /* Pods-Github App.debug.xcconfig */ = {isa = PBXFileReference; includeInIndex = 1; lastKnownFileType = text.xcconfig; name = "Pods-Github App.debug.xcconfig"; path = "Pods/Target Support Files/Pods-Github App/Pods-Github App.debug.xcconfig"; sourceTree = "<group>"; };
		8B35AA471DBBB07F00F721FA /* GithubRouter.swift */ = {isa = PBXFileReference; fileEncoding = 4; lastKnownFileType = sourcecode.swift; path = GithubRouter.swift; sourceTree = "<group>"; };
		8BB4B5CD1DBB86EE00847B48 /* Github App.app */ = {isa = PBXFileReference; explicitFileType = wrapper.application; includeInIndex = 0; path = "Github App.app"; sourceTree = BUILT_PRODUCTS_DIR; };
		8BB4B5D01DBB86EE00847B48 /* AppDelegate.swift */ = {isa = PBXFileReference; lastKnownFileType = sourcecode.swift; path = AppDelegate.swift; sourceTree = "<group>"; };
		8BB4B5D21DBB86EE00847B48 /* ViewController.swift */ = {isa = PBXFileReference; lastKnownFileType = sourcecode.swift; path = ViewController.swift; sourceTree = "<group>"; };
		8BB4B5D51DBB86EE00847B48 /* Base */ = {isa = PBXFileReference; lastKnownFileType = file.storyboard; name = Base; path = Base.lproj/Main.storyboard; sourceTree = "<group>"; };
		8BB4B5D81DBB86EE00847B48 /* Github_App.xcdatamodel */ = {isa = PBXFileReference; lastKnownFileType = wrapper.xcdatamodel; path = Github_App.xcdatamodel; sourceTree = "<group>"; };
		8BB4B5DA1DBB86EE00847B48 /* Assets.xcassets */ = {isa = PBXFileReference; lastKnownFileType = folder.assetcatalog; path = Assets.xcassets; sourceTree = "<group>"; };
		8BB4B5DD1DBB86EE00847B48 /* Base */ = {isa = PBXFileReference; lastKnownFileType = file.storyboard; name = Base; path = Base.lproj/LaunchScreen.storyboard; sourceTree = "<group>"; };
		8BB4B5DF1DBB86EE00847B48 /* Info.plist */ = {isa = PBXFileReference; lastKnownFileType = text.plist.xml; path = Info.plist; sourceTree = "<group>"; };
		D61CB64787D04ADA2E9FE2AE /* Pods-Github App.release.xcconfig */ = {isa = PBXFileReference; includeInIndex = 1; lastKnownFileType = text.xcconfig; name = "Pods-Github App.release.xcconfig"; path = "Pods/Target Support Files/Pods-Github App/Pods-Github App.release.xcconfig"; sourceTree = "<group>"; };
/* End PBXFileReference section */

/* Begin PBXFrameworksBuildPhase section */
		8BB4B5CA1DBB86EE00847B48 /* Frameworks */ = {
			isa = PBXFrameworksBuildPhase;
			buildActionMask = 2147483647;
			files = (
				1542595577663BB3F4544437 /* Pods_Github_App.framework in Frameworks */,
			);
			runOnlyForDeploymentPostprocessing = 0;
		};
/* End PBXFrameworksBuildPhase section */

/* Begin PBXGroup section */
		2D8071F3478328396C9831BC /* Frameworks */ = {
			isa = PBXGroup;
			children = (
				62C35A6D2EF50305CEEA614D /* Pods_Github_App.framework */,
			);
			name = Frameworks;
			sourceTree = "<group>";
		};
		61B26984747AF963D301A772 /* Pods */ = {
			isa = PBXGroup;
			children = (
				636C66123BECB6F5540937C2 /* Pods-Github App.debug.xcconfig */,
				D61CB64787D04ADA2E9FE2AE /* Pods-Github App.release.xcconfig */,
			);
			name = Pods;
			sourceTree = "<group>";
		};
		8BB4B5C41DBB86EE00847B48 = {
			isa = PBXGroup;
			children = (
				8BB4B5CF1DBB86EE00847B48 /* Github App */,
				8BB4B5CE1DBB86EE00847B48 /* Products */,
				61B26984747AF963D301A772 /* Pods */,
				2D8071F3478328396C9831BC /* Frameworks */,
			);
			sourceTree = "<group>";
		};
		8BB4B5CE1DBB86EE00847B48 /* Products */ = {
			isa = PBXGroup;
			children = (
				8BB4B5CD1DBB86EE00847B48 /* Github App.app */,
			);
			name = Products;
			sourceTree = "<group>";
		};
		8BB4B5CF1DBB86EE00847B48 /* Github App */ = {
			isa = PBXGroup;
			children = (
				8BB4B5D01DBB86EE00847B48 /* AppDelegate.swift */,
				8BB4B5D21DBB86EE00847B48 /* ViewController.swift */,
				8BB4B5D41DBB86EE00847B48 /* Main.storyboard */,
				8BB4B5DA1DBB86EE00847B48 /* Assets.xcassets */,
				8BB4B5DC1DBB86EE00847B48 /* LaunchScreen.storyboard */,
				8BB4B5DF1DBB86EE00847B48 /* Info.plist */,
				8BB4B5D71DBB86EE00847B48 /* Github_App.xcdatamodeld */,
				8B35AA471DBBB07F00F721FA /* GithubRouter.swift */,
			);
			path = "Github App";
			sourceTree = "<group>";
		};
/* End PBXGroup section */

/* Begin PBXNativeTarget section */
		8BB4B5CC1DBB86EE00847B48 /* Github App */ = {
			isa = PBXNativeTarget;
			buildConfigurationList = 8BB4B5E21DBB86EE00847B48 /* Build configuration list for PBXNativeTarget "Github App" */;
			buildPhases = (
				079E65F3E6C1033FF2BC3C96 /* [CP] Check Pods Manifest.lock */,
				8BB4B5C91DBB86EE00847B48 /* Sources */,
				8BB4B5CA1DBB86EE00847B48 /* Frameworks */,
				8BB4B5CB1DBB86EE00847B48 /* Resources */,
				F6CEA8150641A39CD5B2B4B7 /* [CP] Embed Pods Frameworks */,
				6863F60C3D51973F3EAFFD45 /* [CP] Copy Pods Resources */,
			);
			buildRules = (
			);
			dependencies = (
			);
			name = "Github App";
			productName = "Github App";
			productReference = 8BB4B5CD1DBB86EE00847B48 /* Github App.app */;
			productType = "com.apple.product-type.application";
		};
/* End PBXNativeTarget section */

/* Begin PBXProject section */
		8BB4B5C51DBB86EE00847B48 /* Project object */ = {
			isa = PBXProject;
			attributes = {
				LastSwiftUpdateCheck = 0730;
				LastUpgradeCheck = 0730;
				ORGANIZATIONNAME = "Amir Daliri";
				TargetAttributes = {
					8BB4B5CC1DBB86EE00847B48 = {
						CreatedOnToolsVersion = 7.3.1;
						DevelopmentTeam = NCU4JG2P77;
					};
				};
			};
			buildConfigurationList = 8BB4B5C81DBB86EE00847B48 /* Build configuration list for PBXProject "Github App" */;
			compatibilityVersion = "Xcode 3.2";
			developmentRegion = English;
			hasScannedForEncodings = 0;
			knownRegions = (
				en,
				Base,
			);
			mainGroup = 8BB4B5C41DBB86EE00847B48;
			productRefGroup = 8BB4B5CE1DBB86EE00847B48 /* Products */;
			projectDirPath = "";
			projectRoot = "";
			targets = (
				8BB4B5CC1DBB86EE00847B48 /* Github App */,
			);
		};
/* End PBXProject section */

/* Begin PBXResourcesBuildPhase section */
		8BB4B5CB1DBB86EE00847B48 /* Resources */ = {
			isa = PBXResourcesBuildPhase;
			buildActionMask = 2147483647;
			files = (
				8BB4B5DE1DBB86EE00847B48 /* LaunchScreen.storyboard in Resources */,
				8BB4B5DB1DBB86EE00847B48 /* Assets.xcassets in Resources */,
				8BB4B5D61DBB86EE00847B48 /* Main.storyboard in Resources */,
			);
			runOnlyForDeploymentPostprocessing = 0;
		};
/* End PBXResourcesBuildPhase section */

/* Begin PBXShellScriptBuildPhase section */
		079E65F3E6C1033FF2BC3C96 /* [CP] Check Pods Manifest.lock */ = {
			isa = PBXShellScriptBuildPhase;
			buildActionMask = 2147483647;
			files = (
			);
			inputPaths = (
			);
			name = "[CP] Check Pods Manifest.lock";
			outputPaths = (
			);
			runOnlyForDeploymentPostprocessing = 0;
			shellPath = /bin/sh;
			shellScript = "diff \"${PODS_ROOT}/../Podfile.lock\" \"${PODS_ROOT}/Manifest.lock\" > /dev/null\nif [ $? != 0 ] ; then\n    # print error to STDERR\n    echo \"error: The sandbox is not in sync with the Podfile.lock. Run 'pod install' or update your CocoaPods installation.\" >&2\n    exit 1\nfi\n";
			showEnvVarsInLog = 0;
		};
		6863F60C3D51973F3EAFFD45 /* [CP] Copy Pods Resources */ = {
			isa = PBXShellScriptBuildPhase;
			buildActionMask = 2147483647;
			files = (
			);
			inputPaths = (
			);
			name = "[CP] Copy Pods Resources";
			outputPaths = (
			);
			runOnlyForDeploymentPostprocessing = 0;
			shellPath = /bin/sh;
			shellScript = "\"${SRCROOT}/Pods/Target Support Files/Pods-Github App/Pods-Github App-resources.sh\"\n";
			showEnvVarsInLog = 0;
		};
		F6CEA8150641A39CD5B2B4B7 /* [CP] Embed Pods Frameworks */ = {
			isa = PBXShellScriptBuildPhase;
			buildActionMask = 2147483647;
			files = (
			);
			inputPaths = (
			);
			name = "[CP] Embed Pods Frameworks";
			outputPaths = (
			);
			runOnlyForDeploymentPostprocessing = 0;
			shellPath = /bin/sh;
			shellScript = "\"${SRCROOT}/Pods/Target Support Files/Pods-Github App/Pods-Github App-frameworks.sh\"\n";
			showEnvVarsInLog = 0;
		};
/* End PBXShellScriptBuildPhase section */

/* Begin PBXSourcesBuildPhase section */
		8BB4B5C91DBB86EE00847B48 /* Sources */ = {
			isa = PBXSourcesBuildPhase;
			buildActionMask = 2147483647;
			files = (
				8BB4B5D91DBB86EE00847B48 /* Github_App.xcdatamodeld in Sources */,
				8B35AA481DBBB07F00F721FA /* GithubRouter.swift in Sources */,
				8BB4B5D31DBB86EE00847B48 /* ViewController.swift in Sources */,
				8BB4B5D11DBB86EE00847B48 /* AppDelegate.swift in Sources */,
			);
			runOnlyForDeploymentPostprocessing = 0;
		};
/* End PBXSourcesBuildPhase section */

/* Begin PBXVariantGroup section */
		8BB4B5D41DBB86EE00847B48 /* Main.storyboard */ = {
			isa = PBXVariantGroup;
			children = (
				8BB4B5D51DBB86EE00847B48 /* Base */,
			);
			name = Main.storyboard;
			sourceTree = "<group>";
		};
		8BB4B5DC1DBB86EE00847B48 /* LaunchScreen.storyboard */ = {
			isa = PBXVariantGroup;
			children = (
				8BB4B5DD1DBB86EE00847B48 /* Base */,
			);
			name = LaunchScreen.storyboard;
			sourceTree = "<group>";
		};
/* End PBXVariantGroup section */

/* Begin XCBuildConfiguration section */
		8BB4B5E01DBB86EE00847B48 /* Debug */ = {
			isa = XCBuildConfiguration;
			buildSettings = {
				ALWAYS_SEARCH_USER_PATHS = NO;
				CLANG_ANALYZER_NONNULL = YES;
				CLANG_CXX_LANGUAGE_STANDARD = "gnu++0x";
				CLANG_CXX_LIBRARY = "libc++";
				CLANG_ENABLE_MODULES = YES;
				CLANG_ENABLE_OBJC_ARC = YES;
				CLANG_WARN_BOOL_CONVERSION = YES;
				CLANG_WARN_CONSTANT_CONVERSION = YES;
				CLANG_WARN_DIRECT_OBJC_ISA_USAGE = YES_ERROR;
				CLANG_WARN_EMPTY_BODY = YES;
				CLANG_WARN_ENUM_CONVERSION = YES;
				CLANG_WARN_INT_CONVERSION = YES;
				CLANG_WARN_OBJC_ROOT_CLASS = YES_ERROR;
				CLANG_WARN_UNREACHABLE_CODE = YES;
				CLANG_WARN__DUPLICATE_METHOD_MATCH = YES;
				"CODE_SIGN_IDENTITY[sdk=iphoneos*]" = "iPhone Developer";
				COPY_PHASE_STRIP = NO;
				DEBUG_INFORMATION_FORMAT = dwarf;
				ENABLE_STRICT_OBJC_MSGSEND = YES;
				ENABLE_TESTABILITY = YES;
				GCC_C_LANGUAGE_STANDARD = gnu99;
				GCC_DYNAMIC_NO_PIC = NO;
				GCC_NO_COMMON_BLOCKS = YES;
				GCC_OPTIMIZATION_LEVEL = 0;
				GCC_PREPROCESSOR_DEFINITIONS = (
					"DEBUG=1",
					"$(inherited)",
				);
				GCC_WARN_64_TO_32_BIT_CONVERSION = YES;
				GCC_WARN_ABOUT_RETURN_TYPE = YES_ERROR;
				GCC_WARN_UNDECLARED_SELECTOR = YES;
				GCC_WARN_UNINITIALIZED_AUTOS = YES_AGGRESSIVE;
				GCC_WARN_UNUSED_FUNCTION = YES;
				GCC_WARN_UNUSED_VARIABLE = YES;
				IPHONEOS_DEPLOYMENT_TARGET = 9.3;
				MTL_ENABLE_DEBUG_INFO = YES;
				ONLY_ACTIVE_ARCH = YES;
				SDKROOT = iphoneos;
				SWIFT_OPTIMIZATION_LEVEL = "-Onone";
			};
			name = Debug;
		};
		8BB4B5E11DBB86EE00847B48 /* Release */ = {
			isa = XCBuildConfiguration;
			buildSettings = {
				ALWAYS_SEARCH_USER_PATHS = NO;
				CLANG_ANALYZER_NONNULL = YES;
				CLANG_CXX_LANGUAGE_STANDARD = "gnu++0x";
				CLANG_CXX_LIBRARY = "libc++";
				CLANG_ENABLE_MODULES = YES;
				CLANG_ENABLE_OBJC_ARC = YES;
				CLANG_WARN_BOOL_CONVERSION = YES;
				CLANG_WARN_CONSTANT_CONVERSION = YES;
				CLANG_WARN_DIRECT_OBJC_ISA_USAGE = YES_ERROR;
				CLANG_WARN_EMPTY_BODY = YES;
				CLANG_WARN_ENUM_CONVERSION = YES;
				CLANG_WARN_INT_CONVERSION = YES;
				CLANG_WARN_OBJC_ROOT_CLASS = YES_ERROR;
				CLANG_WARN_UNREACHABLE_CODE = YES;
				CLANG_WARN__DUPLICATE_METHOD_MATCH = YES;
				"CODE_SIGN_IDENTITY[sdk=iphoneos*]" = "iPhone Developer";
				COPY_PHASE_STRIP = NO;
				DEBUG_INFORMATION_FORMAT = "dwarf-with-dsym";
				ENABLE_NS_ASSERTIONS = NO;
				ENABLE_STRICT_OBJC_MSGSEND = YES;
				GCC_C_LANGUAGE_STANDARD = gnu99;
				GCC_NO_COMMON_BLOCKS = YES;
				GCC_WARN_64_TO_32_BIT_CONVERSION = YES;
				GCC_WARN_ABOUT_RETURN_TYPE = YES_ERROR;
				GCC_WARN_UNDECLARED_SELECTOR = YES;
				GCC_WARN_UNINITIALIZED_AUTOS = YES_AGGRESSIVE;
				GCC_WARN_UNUSED_FUNCTION = YES;
				GCC_WARN_UNUSED_VARIABLE = YES;
				IPHONEOS_DEPLOYMENT_TARGET = 9.3;
				MTL_ENABLE_DEBUG_INFO = NO;
				SDKROOT = iphoneos;
				VALIDATE_PRODUCT = YES;
			};
			name = Release;
		};
		8BB4B5E31DBB86EE00847B48 /* Debug */ = {
			isa = XCBuildConfiguration;
			baseConfigurationReference = 636C66123BECB6F5540937C2 /* Pods-Github App.debug.xcconfig */;
			buildSettings = {
				ASSETCATALOG_COMPILER_APPICON_NAME = AppIcon;
				CODE_SIGN_IDENTITY = "iPhone Developer";
				INFOPLIST_FILE = "Github App/Info.plist";
				LD_RUNPATH_SEARCH_PATHS = "$(inherited) @executable_path/Frameworks";
				PRODUCT_BUNDLE_IDENTIFIER = "amirdl.Github-App";
				PRODUCT_NAME = "$(TARGET_NAME)";
			};
			name = Debug;
		};
		8BB4B5E41DBB86EE00847B48 /* Release */ = {
			isa = XCBuildConfiguration;
			baseConfigurationReference = D61CB64787D04ADA2E9FE2AE /* Pods-Github App.release.xcconfig */;
			buildSettings = {
				ASSETCATALOG_COMPILER_APPICON_NAME = AppIcon;
				CODE_SIGN_IDENTITY = "iPhone Developer";
				INFOPLIST_FILE = "Github App/Info.plist";
				LD_RUNPATH_SEARCH_PATHS = "$(inherited) @executable_path/Frameworks";
				PRODUCT_BUNDLE_IDENTIFIER = "amirdl.Github-App";
				PRODUCT_NAME = "$(TARGET_NAME)";
			};
			name = Release;
		};
/* End XCBuildConfiguration section */

/* Begin XCConfigurationList section */
		8BB4B5C81DBB86EE00847B48 /* Build configuration list for PBXProject "Github App" */ = {
			isa = XCConfigurationList;
			buildConfigurations = (
				8BB4B5E01DBB86EE00847B48 /* Debug */,
				8BB4B5E11DBB86EE00847B48 /* Release */,
			);
			defaultConfigurationIsVisible = 0;
			defaultConfigurationName = Release;
		};
		8BB4B5E21DBB86EE00847B48 /* Build configuration list for PBXNativeTarget "Github App" */ = {
			isa = XCConfigurationList;
			buildConfigurations = (
				8BB4B5E31DBB86EE00847B48 /* Debug */,
				8BB4B5E41DBB86EE00847B48 /* Release */,
			);
			defaultConfigurationIsVisible = 0;
			defaultConfigurationName = Release;
		};
/* End XCConfigurationList section */

/* Begin XCVersionGroup section */
		8BB4B5D71DBB86EE00847B48 /* Github_App.xcdatamodeld */ = {
			isa = XCVersionGroup;
			children = (
				8BB4B5D81DBB86EE00847B48 /* Github_App.xcdatamodel */,
			);
			currentVersion = 8BB4B5D81DBB86EE00847B48 /* Github_App.xcdatamodel */;
			path = Github_App.xcdatamodeld;
			sourceTree = "<group>";
			versionGroupType = wrapper.xcdatamodel;
		};
/* End XCVersionGroup section */
	};
	rootObject = 8BB4B5C51DBB86EE00847B48 /* Project object */;
}
